// !$*UTF8*$!
{
	archiveVersion = 1;
	classes = {
	};
	objectVersion = 50;
	objects = {

/* Begin PBXBuildFile section */
		83C1EBE723CCDCB700DEC8AA /* main.swift in Sources */ = {isa = PBXBuildFile; fileRef = 83C1EBE623CCDCB700DEC8AA /* main.swift */; };
		83C1EBEE23CCDD3D00DEC8AA /* User.swift in Sources */ = {isa = PBXBuildFile; fileRef = 83C1EBED23CCDD3D00DEC8AA /* User.swift */; };
		83C1EBF023CCF85A00DEC8AA /* SortFunctions.swift in Sources */ = {isa = PBXBuildFile; fileRef = 83C1EBEF23CCF85A00DEC8AA /* SortFunctions.swift */; };
		83FCAEEB23CD7E960057522F /* Validations.swift in Sources */ = {isa = PBXBuildFile; fileRef = 83FCAEEA23CD7E960057522F /* Validations.swift */; };
/* End PBXBuildFile section */

/* Begin PBXCopyFilesBuildPhase section */
		83C1EBE123CCDCB700DEC8AA /* CopyFiles */ = {
			isa = PBXCopyFilesBuildPhase;
			buildActionMask = 2147483647;
			dstPath = /usr/share/man/man1/;
			dstSubfolderSpec = 0;
			files = (
			);
			runOnlyForDeploymentPostprocessing = 1;
		};
/* End PBXCopyFilesBuildPhase section */

/* Begin PBXFileReference section */
		83C1EBE323CCDCB700DEC8AA /* question2 */ = {isa = PBXFileReference; explicitFileType = "compiled.mach-o.executable"; includeInIndex = 0; path = question2; sourceTree = BUILT_PRODUCTS_DIR; };
		83C1EBE623CCDCB700DEC8AA /* main.swift */ = {isa = PBXFileReference; lastKnownFileType = sourcecode.swift; path = main.swift; sourceTree = "<group>"; };
		83C1EBED23CCDD3D00DEC8AA /* User.swift */ = {isa = PBXFileReference; lastKnownFileType = sourcecode.swift; path = User.swift; sourceTree = "<group>"; };
		83C1EBEF23CCF85A00DEC8AA /* SortFunctions.swift */ = {isa = PBXFileReference; lastKnownFileType = sourcecode.swift; path = SortFunctions.swift; sourceTree = "<group>"; };
		83FCAEEA23CD7E960057522F /* Validations.swift */ = {isa = PBXFileReference; lastKnownFileType = sourcecode.swift; path = Validations.swift; sourceTree = "<group>"; };
/* End PBXFileReference section */

/* Begin PBXFrameworksBuildPhase section */
		83C1EBE023CCDCB700DEC8AA /* Frameworks */ = {
			isa = PBXFrameworksBuildPhase;
			buildActionMask = 2147483647;
			files = (
			);
			runOnlyForDeploymentPostprocessing = 0;
		};
/* End PBXFrameworksBuildPhase section */

/* Begin PBXGroup section */
		83C1EBDA23CCDCB700DEC8AA = {
			isa = PBXGroup;
			children = (
				83C1EBE523CCDCB700DEC8AA /* question2 */,
				83C1EBE423CCDCB700DEC8AA /* Products */,
			);
			sourceTree = "<group>";
		};
		83C1EBE423CCDCB700DEC8AA /* Products */ = {
			isa = PBXGroup;
			children = (
				83C1EBE323CCDCB700DEC8AA /* question2 */,
			);
			name = Products;
			sourceTree = "<group>";
		};
		83C1EBE523CCDCB700DEC8AA /* question2 */ = {
			isa = PBXGroup;
			children = (
				83C1EBE623CCDCB700DEC8AA /* main.swift */,
				83C1EBED23CCDD3D00DEC8AA /* User.swift */,
				83C1EBEF23CCF85A00DEC8AA /* SortFunctions.swift */,
				83FCAEEA23CD7E960057522F /* Validations.swift */,
			);
			path = question2;
			sourceTree = "<group>";
		};
/* End PBXGroup section */

/* Begin PBXNativeTarget section */
		83C1EBE223CCDCB700DEC8AA /* question2 */ = {
			isa = PBXNativeTarget;
			buildConfigurationList = 83C1EBEA23CCDCB700DEC8AA /* Build configuration list for PBXNativeTarget "question2" */;
			buildPhases = (
				83C1EBDF23CCDCB700DEC8AA /* Sources */,
				83C1EBE023CCDCB700DEC8AA /* Frameworks */,
				83C1EBE123CCDCB700DEC8AA /* CopyFiles */,
			);
			buildRules = (
			);
			dependencies = (
			);
			name = question2;
			productName = question2;
			productReference = 83C1EBE323CCDCB700DEC8AA /* question2 */;
			productType = "com.apple.product-type.tool";
		};
/* End PBXNativeTarget section */

/* Begin PBXProject section */
		83C1EBDB23CCDCB700DEC8AA /* Project object */ = {
			isa = PBXProject;
			attributes = {
				LastSwiftUpdateCheck = 1130;
				LastUpgradeCheck = 1130;
				ORGANIZATIONNAME = "Adarsh R";
				TargetAttributes = {
					83C1EBE223CCDCB700DEC8AA = {
						CreatedOnToolsVersion = 11.3;
					};
				};
			};
			buildConfigurationList = 83C1EBDE23CCDCB700DEC8AA /* Build configuration list for PBXProject "question2" */;
			compatibilityVersion = "Xcode 9.3";
			developmentRegion = en;
			hasScannedForEncodings = 0;
			knownRegions = (
				en,
				Base,
			);
			mainGroup = 83C1EBDA23CCDCB700DEC8AA;
			productRefGroup = 83C1EBE423CCDCB700DEC8AA /* Products */;
			projectDirPath = "";
			projectRoot = "";
			targets = (
				83C1EBE223CCDCB700DEC8AA /* question2 */,
			);
		};
/* End PBXProject section */

/* Begin PBXSourcesBuildPhase section */
		83C1EBDF23CCDCB700DEC8AA /* Sources */ = {
			isa = PBXSourcesBuildPhase;
			buildActionMask = 2147483647;
			files = (
				83C1EBF023CCF85A00DEC8AA /* SortFunctions.swift in Sources */,
				83C1EBEE23CCDD3D00DEC8AA /* User.swift in Sources */,
				83FCAEEB23CD7E960057522F /* Validations.swift in Sources */,
				83C1EBE723CCDCB700DEC8AA /* main.swift in Sources */,
			);
			runOnlyForDeploymentPostprocessing = 0;
		};
/* End PBXSourcesBuildPhase section */

/* Begin XCBuildConfiguration section */
		83C1EBE823CCDCB700DEC8AA /* Debug */ = {
			isa = XCBuildConfiguration;
			buildSettings = {
				ALWAYS_SEARCH_USER_PATHS = NO;
				CLANG_ANALYZER_NONNULL = YES;
				CLANG_ANALYZER_NUMBER_OBJECT_CONVERSION = YES_AGGRESSIVE;
				CLANG_CXX_LANGUAGE_STANDARD = "gnu++14";
				CLANG_CXX_LIBRARY = "libc++";
				CLANG_ENABLE_MODULES = YES;
				CLANG_ENABLE_OBJC_ARC = YES;
				CLANG_ENABLE_OBJC_WEAK = YES;
				CLANG_WARN_BLOCK_CAPTURE_AUTORELEASING = YES;
				CLANG_WARN_BOOL_CONVERSION = YES;
				CLANG_WARN_COMMA = YES;
				CLANG_WARN_CONSTANT_CONVERSION = YES;
				CLANG_WARN_DEPRECATED_OBJC_IMPLEMENTATIONS = YES;
				CLANG_WARN_DIRECT_OBJC_ISA_USAGE = YES_ERROR;
				CLANG_WARN_DOCUMENTATION_COMMENTS = YES;
				CLANG_WARN_EMPTY_BODY = YES;
				CLANG_WARN_ENUM_CONVERSION = YES;
				CLANG_WARN_INFINITE_RECURSION = YES;
				CLANG_WARN_INT_CONVERSION = YES;
				CLANG_WARN_NON_LITERAL_NULL_CONVERSION = YES;
				CLANG_WARN_OBJC_IMPLICIT_RETAIN_SELF = YES;
				CLANG_WARN_OBJC_LITERAL_CONVERSION = YES;
				CLANG_WARN_OBJC_ROOT_CLASS = YES_ERROR;
				CLANG_WARN_RANGE_LOOP_ANALYSIS = YES;
				CLANG_WARN_STRICT_PROTOTYPES = YES;
				CLANG_WARN_SUSPICIOUS_MOVE = YES;
				CLANG_WARN_UNGUARDED_AVAILABILITY = YES_AGGRESSIVE;
				CLANG_WARN_UNREACHABLE_CODE = YES;
				CLANG_WARN__DUPLICATE_METHOD_MATCH = YES;
				COPY_PHASE_STRIP = NO;
				DEBUG_INFORMATION_FORMAT = dwarf;
				ENABLE_STRICT_OBJC_MSGSEND = YES;
				ENABLE_TESTABILITY = YES;
				GCC_C_LANGUAGE_STANDARD = gnu11;
				GCC_DYNAMIC_NO_PIC = NO;
				GCC_NO_COMMON_BLOCKS = YES;
				GCC_OPTIMIZATION_LEVEL = 0;
				GCC_PREPROCESSOR_DEFINITIONS = (
					"DEBUG=1",
					"$(inherited)",
				);
				GCC_WARN_64_TO_32_BIT_CONVERSION = YES;
				GCC_WARN_ABOUT_RETURN_TYPE = YES_ERROR;
				GCC_WARN_UNDECLARED_SELECTOR = YES;
				GCC_WARN_UNINITIALIZED_AUTOS = YES_AGGRESSIVE;
				GCC_WARN_UNUSED_FUNCTION = YES;
				GCC_WARN_UNUSED_VARIABLE = YES;
				MACOSX_DEPLOYMENT_TARGET = 10.14;
				MTL_ENABLE_DEBUG_INFO = INCLUDE_SOURCE;
				MTL_FAST_MATH = YES;
				ONLY_ACTIVE_ARCH = YES;
				SDKROOT = macosx;
				SWIFT_ACTIVE_COMPILATION_CONDITIONS = DEBUG;
				SWIFT_OPTIMIZATION_LEVEL = "-Onone";
			};
			name = Debug;
		};
		83C1EBE923CCDCB700DEC8AA /* Release */ = {
			isa = XCBuildConfiguration;
			buildSettings = {
				ALWAYS_SEARCH_USER_PATHS = NO;
				CLANG_ANALYZER_NONNULL = YES;
				CLANG_ANALYZER_NUMBER_OBJECT_CONVERSION = YES_AGGRESSIVE;
				CLANG_CXX_LANGUAGE_STANDARD = "gnu++14";
				CLANG_CXX_LIBRARY = "libc++";
				CLANG_ENABLE_MODULES = YES;
				CLANG_ENABLE_OBJC_ARC = YES;
				CLANG_ENABLE_OBJC_WEAK = YES;
				CLANG_WARN_BLOCK_CAPTURE_AUTORELEASING = YES;
				CLANG_WARN_BOOL_CONVERSION = YES;
				CLANG_WARN_COMMA = YES;
				CLANG_WARN_CONSTANT_CONVERSION = YES;
				CLANG_WARN_DEPRECATED_OBJC_IMPLEMENTATIONS = YES;
				CLANG_WARN_DIRECT_OBJC_ISA_USAGE = YES_ERROR;
				CLANG_WARN_DOCUMENTATION_COMMENTS = YES;
				CLANG_WARN_EMPTY_BODY = YES;
				CLANG_WARN_ENUM_CONVERSION = YES;
				CLANG_WARN_INFINITE_RECURSION = YES;
				CLANG_WARN_INT_CONVERSION = YES;
				CLANG_WARN_NON_LITERAL_NULL_CONVERSION = YES;
				CLANG_WARN_OBJC_IMPLICIT_RETAIN_SELF = YES;
				CLANG_WARN_OBJC_LITERAL_CONVERSION = YES;
				CLANG_WARN_OBJC_ROOT_CLASS = YES_ERROR;
				CLANG_WARN_RANGE_LOOP_ANALYSIS = YES;
				CLANG_WARN_STRICT_PROTOTYPES = YES;
				CLANG_WARN_SUSPICIOUS_MOVE = YES;
				CLANG_WARN_UNGUARDED_AVAILABILITY = YES_AGGRESSIVE;
				CLANG_WARN_UNREACHABLE_CODE = YES;
				CLANG_WARN__DUPLICATE_METHOD_MATCH = YES;
				COPY_PHASE_STRIP = NO;
				DEBUG_INFORMATION_FORMAT = "dwarf-with-dsym";
				ENABLE_NS_ASSERTIONS = NO;
				ENABLE_STRICT_OBJC_MSGSEND = YES;
				GCC_C_LANGUAGE_STANDARD = gnu11;
				GCC_NO_COMMON_BLOCKS = YES;
				GCC_WARN_64_TO_32_BIT_CONVERSION = YES;
				GCC_WARN_ABOUT_RETURN_TYPE = YES_ERROR;
				GCC_WARN_UNDECLARED_SELECTOR = YES;
				GCC_WARN_UNINITIALIZED_AUTOS = YES_AGGRESSIVE;
				GCC_WARN_UNUSED_FUNCTION = YES;
				GCC_WARN_UNUSED_VARIABLE = YES;
				MACOSX_DEPLOYMENT_TARGET = 10.14;
				MTL_ENABLE_DEBUG_INFO = NO;
				MTL_FAST_MATH = YES;
				SDKROOT = macosx;
				SWIFT_COMPILATION_MODE = wholemodule;
				SWIFT_OPTIMIZATION_LEVEL = "-O";
			};
			name = Release;
		};
		83C1EBEB23CCDCB700DEC8AA /* Debug */ = {
			isa = XCBuildConfiguration;
			buildSettings = {
				CODE_SIGN_STYLE = Automatic;
				PRODUCT_NAME = "$(TARGET_NAME)";
				SWIFT_VERSION = 5.0;
			};
			name = Debug;
		};
		83C1EBEC23CCDCB700DEC8AA /* Release */ = {
			isa = XCBuildConfiguration;
			buildSettings = {
				CODE_SIGN_STYLE = Automatic;
				PRODUCT_NAME = "$(TARGET_NAME)";
				SWIFT_VERSION = 5.0;
			};
			name = Release;
		};
/* End XCBuildConfiguration section */

/* Begin XCConfigurationList section */
		83C1EBDE23CCDCB700DEC8AA /* Build configuration list for PBXProject "question2" */ = {
			isa = XCConfigurationList;
			buildConfigurations = (
				83C1EBE823CCDCB700DEC8AA /* Debug */,
				83C1EBE923CCDCB700DEC8AA /* Release */,
			);
			defaultConfigurationIsVisible = 0;
			defaultConfigurationName = Release;
		};
		83C1EBEA23CCDCB700DEC8AA /* Build configuration list for PBXNativeTarget "question2" */ = {
			isa = XCConfigurationList;
			buildConfigurations = (
				83C1EBEB23CCDCB700DEC8AA /* Debug */,
				83C1EBEC23CCDCB700DEC8AA /* Release */,
			);
			defaultConfigurationIsVisible = 0;
			defaultConfigurationName = Release;
		};
/* End XCConfigurationList section */
	};
	rootObject = 83C1EBDB23CCDCB700DEC8AA /* Project object */;
}
